// !$*UTF8*$!
{
	archiveVersion = 1;
	classes = {
	};
	objectVersion = 46;
	objects = {

/* Begin PBXBuildFile section */
		0305E4AF189B4D3000018B53 /* MPFriendsListDataSource.m in Sources */ = {isa = PBXBuildFile; fileRef = 0305E4AE189B4D3000018B53 /* MPFriendsListDataSource.m */; };
		0305E4B3189B506C00018B53 /* MPFacebookManager.m in Sources */ = {isa = PBXBuildFile; fileRef = 0305E4B2189B506C00018B53 /* MPFacebookManager.m */; };
		0305E4B6189B54A000018B53 /* MPLocationManager.m in Sources */ = {isa = PBXBuildFile; fileRef = 0305E4B5189B54A000018B53 /* MPLocationManager.m */; };
		0317044C189A2E4700C2FEBB /* MPFriendsListViewController.m in Sources */ = {isa = PBXBuildFile; fileRef = 0317044B189A2E4700C2FEBB /* MPFriendsListViewController.m */; };
		0325E93B189AD39B00C80754 /* PlaceholderProfileImage.png in Resources */ = {isa = PBXBuildFile; fileRef = 0325E939189AD39B00C80754 /* PlaceholderProfileImage.png */; };
		0325E93C189AD39B00C80754 /* PlaceholderProfileImage@2x.png in Resources */ = {isa = PBXBuildFile; fileRef = 0325E93A189AD39B00C80754 /* PlaceholderProfileImage@2x.png */; };
		03829A82189A2C1B0046BDE9 /* Foundation.framework in Frameworks */ = {isa = PBXBuildFile; fileRef = 03829A81189A2C1B0046BDE9 /* Foundation.framework */; };
		03829A84189A2C1B0046BDE9 /* CoreGraphics.framework in Frameworks */ = {isa = PBXBuildFile; fileRef = 03829A83189A2C1B0046BDE9 /* CoreGraphics.framework */; };
		03829A86189A2C1B0046BDE9 /* UIKit.framework in Frameworks */ = {isa = PBXBuildFile; fileRef = 03829A85189A2C1B0046BDE9 /* UIKit.framework */; };
		03829A8C189A2C1B0046BDE9 /* InfoPlist.strings in Resources */ = {isa = PBXBuildFile; fileRef = 03829A8A189A2C1B0046BDE9 /* InfoPlist.strings */; };
		03829A8E189A2C1B0046BDE9 /* main.m in Sources */ = {isa = PBXBuildFile; fileRef = 03829A8D189A2C1B0046BDE9 /* main.m */; };
		03829A92189A2C1B0046BDE9 /* MPAppDelegate.m in Sources */ = {isa = PBXBuildFile; fileRef = 03829A91189A2C1B0046BDE9 /* MPAppDelegate.m */; };
		03829A94189A2C1B0046BDE9 /* Images.xcassets in Resources */ = {isa = PBXBuildFile; fileRef = 03829A93189A2C1B0046BDE9 /* Images.xcassets */; };
		03829A9B189A2C1B0046BDE9 /* XCTest.framework in Frameworks */ = {isa = PBXBuildFile; fileRef = 03829A9A189A2C1B0046BDE9 /* XCTest.framework */; };
		03829A9C189A2C1B0046BDE9 /* Foundation.framework in Frameworks */ = {isa = PBXBuildFile; fileRef = 03829A81189A2C1B0046BDE9 /* Foundation.framework */; };
		03829A9D189A2C1B0046BDE9 /* UIKit.framework in Frameworks */ = {isa = PBXBuildFile; fileRef = 03829A85189A2C1B0046BDE9 /* UIKit.framework */; };
		03829AA5189A2C1B0046BDE9 /* InfoPlist.strings in Resources */ = {isa = PBXBuildFile; fileRef = 03829AA3189A2C1B0046BDE9 /* InfoPlist.strings */; };
		03829AA7189A2C1B0046BDE9 /* MarcoPoloTests.m in Sources */ = {isa = PBXBuildFile; fileRef = 03829AA6189A2C1B0046BDE9 /* MarcoPoloTests.m */; };
		03B438FD18B9062500691594 /* UIAlertView+MPAdditions.m in Sources */ = {isa = PBXBuildFile; fileRef = 03B438FC18B9062500691594 /* UIAlertView+MPAdditions.m */; };
		03B4390018B9075B00691594 /* MPTableViewDelegate.m in Sources */ = {isa = PBXBuildFile; fileRef = 03B438FF18B9075B00691594 /* MPTableViewDelegate.m */; };
		03B4390318B90EC400691594 /* MPTableViewArrayDataSource.m in Sources */ = {isa = PBXBuildFile; fileRef = 03B4390218B90EC400691594 /* MPTableViewArrayDataSource.m */; };
		03B4390718B912AC00691594 /* MPFriendTableViewCell.m in Sources */ = {isa = PBXBuildFile; fileRef = 03B4390618B912AC00691594 /* MPFriendTableViewCell.m */; };
		03E33077189A4660009954AC /* MPFacebookUser.m in Sources */ = {isa = PBXBuildFile; fileRef = 03E33076189A4660009954AC /* MPFacebookUser.m */; };
		03E3307A189A483F009954AC /* MPLocation.m in Sources */ = {isa = PBXBuildFile; fileRef = 03E33079189A483F009954AC /* MPLocation.m */; };
		9994656BB879401A8B1A758A /* libPods.a in Frameworks */ = {isa = PBXBuildFile; fileRef = 7B27AC52118F41F0B61F662D /* libPods.a */; };
/* End PBXBuildFile section */

/* Begin PBXContainerItemProxy section */
		03829A9E189A2C1B0046BDE9 /* PBXContainerItemProxy */ = {
			isa = PBXContainerItemProxy;
			containerPortal = 03829A76189A2C1B0046BDE9 /* Project object */;
			proxyType = 1;
			remoteGlobalIDString = 03829A7D189A2C1B0046BDE9;
			remoteInfo = MarcoPolo;
		};
/* End PBXContainerItemProxy section */

/* Begin PBXFileReference section */
		0305E4AD189B4D2F00018B53 /* MPFriendsListDataSource.h */ = {isa = PBXFileReference; fileEncoding = 4; lastKnownFileType = sourcecode.c.h; path = MPFriendsListDataSource.h; sourceTree = "<group>"; };
		0305E4AE189B4D3000018B53 /* MPFriendsListDataSource.m */ = {isa = PBXFileReference; fileEncoding = 4; lastKnownFileType = sourcecode.c.objc; path = MPFriendsListDataSource.m; sourceTree = "<group>"; };
		0305E4B1189B506C00018B53 /* MPFacebookManager.h */ = {isa = PBXFileReference; fileEncoding = 4; lastKnownFileType = sourcecode.c.h; name = MPFacebookManager.h; path = Managers/MPFacebookManager.h; sourceTree = "<group>"; };
		0305E4B2189B506C00018B53 /* MPFacebookManager.m */ = {isa = PBXFileReference; fileEncoding = 4; lastKnownFileType = sourcecode.c.objc; name = MPFacebookManager.m; path = Managers/MPFacebookManager.m; sourceTree = "<group>"; };
		0305E4B4189B54A000018B53 /* MPLocationManager.h */ = {isa = PBXFileReference; fileEncoding = 4; lastKnownFileType = sourcecode.c.h; name = MPLocationManager.h; path = Managers/MPLocationManager.h; sourceTree = "<group>"; };
		0305E4B5189B54A000018B53 /* MPLocationManager.m */ = {isa = PBXFileReference; fileEncoding = 4; lastKnownFileType = sourcecode.c.objc; name = MPLocationManager.m; path = Managers/MPLocationManager.m; sourceTree = "<group>"; };
		0317044A189A2E4700C2FEBB /* MPFriendsListViewController.h */ = {isa = PBXFileReference; fileEncoding = 4; lastKnownFileType = sourcecode.c.h; name = MPFriendsListViewController.h; path = ViewControllers/MPFriendsListViewController.h; sourceTree = "<group>"; };
		0317044B189A2E4700C2FEBB /* MPFriendsListViewController.m */ = {isa = PBXFileReference; fileEncoding = 4; lastKnownFileType = sourcecode.c.objc; name = MPFriendsListViewController.m; path = ViewControllers/MPFriendsListViewController.m; sourceTree = "<group>"; };
		0325E939189AD39B00C80754 /* PlaceholderProfileImage.png */ = {isa = PBXFileReference; lastKnownFileType = image.png; path = PlaceholderProfileImage.png; sourceTree = "<group>"; };
		0325E93A189AD39B00C80754 /* PlaceholderProfileImage@2x.png */ = {isa = PBXFileReference; lastKnownFileType = image.png; path = "PlaceholderProfileImage@2x.png"; sourceTree = "<group>"; };
		03829A7E189A2C1B0046BDE9 /* MarcoPolo.app */ = {isa = PBXFileReference; explicitFileType = wrapper.application; includeInIndex = 0; path = MarcoPolo.app; sourceTree = BUILT_PRODUCTS_DIR; };
		03829A81189A2C1B0046BDE9 /* Foundation.framework */ = {isa = PBXFileReference; lastKnownFileType = wrapper.framework; name = Foundation.framework; path = System/Library/Frameworks/Foundation.framework; sourceTree = SDKROOT; };
		03829A83189A2C1B0046BDE9 /* CoreGraphics.framework */ = {isa = PBXFileReference; lastKnownFileType = wrapper.framework; name = CoreGraphics.framework; path = System/Library/Frameworks/CoreGraphics.framework; sourceTree = SDKROOT; };
		03829A85189A2C1B0046BDE9 /* UIKit.framework */ = {isa = PBXFileReference; lastKnownFileType = wrapper.framework; name = UIKit.framework; path = System/Library/Frameworks/UIKit.framework; sourceTree = SDKROOT; };
		03829A89189A2C1B0046BDE9 /* MarcoPolo-Info.plist */ = {isa = PBXFileReference; lastKnownFileType = text.plist.xml; path = "MarcoPolo-Info.plist"; sourceTree = "<group>"; };
		03829A8B189A2C1B0046BDE9 /* en */ = {isa = PBXFileReference; lastKnownFileType = text.plist.strings; name = en; path = en.lproj/InfoPlist.strings; sourceTree = "<group>"; };
		03829A8D189A2C1B0046BDE9 /* main.m */ = {isa = PBXFileReference; lastKnownFileType = sourcecode.c.objc; path = main.m; sourceTree = "<group>"; };
		03829A8F189A2C1B0046BDE9 /* MarcoPolo-Prefix.pch */ = {isa = PBXFileReference; lastKnownFileType = sourcecode.c.h; path = "MarcoPolo-Prefix.pch"; sourceTree = "<group>"; };
		03829A90189A2C1B0046BDE9 /* MPAppDelegate.h */ = {isa = PBXFileReference; lastKnownFileType = sourcecode.c.h; path = MPAppDelegate.h; sourceTree = "<group>"; };
		03829A91189A2C1B0046BDE9 /* MPAppDelegate.m */ = {isa = PBXFileReference; lastKnownFileType = sourcecode.c.objc; path = MPAppDelegate.m; sourceTree = "<group>"; };
		03829A93189A2C1B0046BDE9 /* Images.xcassets */ = {isa = PBXFileReference; lastKnownFileType = folder.assetcatalog; path = Images.xcassets; sourceTree = "<group>"; };
		03829A99189A2C1B0046BDE9 /* MarcoPoloTests.xctest */ = {isa = PBXFileReference; explicitFileType = wrapper.cfbundle; includeInIndex = 0; path = MarcoPoloTests.xctest; sourceTree = BUILT_PRODUCTS_DIR; };
		03829A9A189A2C1B0046BDE9 /* XCTest.framework */ = {isa = PBXFileReference; lastKnownFileType = wrapper.framework; name = XCTest.framework; path = Library/Frameworks/XCTest.framework; sourceTree = DEVELOPER_DIR; };
		03829AA2189A2C1B0046BDE9 /* MarcoPoloTests-Info.plist */ = {isa = PBXFileReference; lastKnownFileType = text.plist.xml; path = "MarcoPoloTests-Info.plist"; sourceTree = "<group>"; };
		03829AA4189A2C1B0046BDE9 /* en */ = {isa = PBXFileReference; lastKnownFileType = text.plist.strings; name = en; path = en.lproj/InfoPlist.strings; sourceTree = "<group>"; };
		03829AA6189A2C1B0046BDE9 /* MarcoPoloTests.m */ = {isa = PBXFileReference; lastKnownFileType = sourcecode.c.objc; path = MarcoPoloTests.m; sourceTree = "<group>"; };
		03B438FB18B9062500691594 /* UIAlertView+MPAdditions.h */ = {isa = PBXFileReference; fileEncoding = 4; lastKnownFileType = sourcecode.c.h; name = "UIAlertView+MPAdditions.h"; path = "Categories/UIAlertView+MPAdditions.h"; sourceTree = "<group>"; };
		03B438FC18B9062500691594 /* UIAlertView+MPAdditions.m */ = {isa = PBXFileReference; fileEncoding = 4; lastKnownFileType = sourcecode.c.objc; name = "UIAlertView+MPAdditions.m"; path = "Categories/UIAlertView+MPAdditions.m"; sourceTree = "<group>"; };
		03B438FE18B9075B00691594 /* MPTableViewDelegate.h */ = {isa = PBXFileReference; fileEncoding = 4; lastKnownFileType = sourcecode.c.h; path = MPTableViewDelegate.h; sourceTree = "<group>"; };
		03B438FF18B9075B00691594 /* MPTableViewDelegate.m */ = {isa = PBXFileReference; fileEncoding = 4; lastKnownFileType = sourcecode.c.objc; path = MPTableViewDelegate.m; sourceTree = "<group>"; };
		03B4390118B90EC400691594 /* MPTableViewArrayDataSource.h */ = {isa = PBXFileReference; fileEncoding = 4; lastKnownFileType = sourcecode.c.h; path = MPTableViewArrayDataSource.h; sourceTree = "<group>"; };
		03B4390218B90EC400691594 /* MPTableViewArrayDataSource.m */ = {isa = PBXFileReference; fileEncoding = 4; lastKnownFileType = sourcecode.c.objc; path = MPTableViewArrayDataSource.m; sourceTree = "<group>"; };
		03B4390518B912AB00691594 /* MPFriendTableViewCell.h */ = {isa = PBXFileReference; fileEncoding = 4; lastKnownFileType = sourcecode.c.h; name = MPFriendTableViewCell.h; path = Views/MPFriendTableViewCell.h; sourceTree = "<group>"; };
		03B4390618B912AC00691594 /* MPFriendTableViewCell.m */ = {isa = PBXFileReference; fileEncoding = 4; lastKnownFileType = sourcecode.c.objc; name = MPFriendTableViewCell.m; path = Views/MPFriendTableViewCell.m; sourceTree = "<group>"; };
		03E33075189A4660009954AC /* MPFacebookUser.h */ = {isa = PBXFileReference; fileEncoding = 4; lastKnownFileType = sourcecode.c.h; name = MPFacebookUser.h; path = Models/MPFacebookUser.h; sourceTree = "<group>"; };
		03E33076189A4660009954AC /* MPFacebookUser.m */ = {isa = PBXFileReference; fileEncoding = 4; lastKnownFileType = sourcecode.c.objc; name = MPFacebookUser.m; path = Models/MPFacebookUser.m; sourceTree = "<group>"; };
		03E33078189A483F009954AC /* MPLocation.h */ = {isa = PBXFileReference; fileEncoding = 4; lastKnownFileType = sourcecode.c.h; name = MPLocation.h; path = Models/MPLocation.h; sourceTree = "<group>"; };
		03E33079189A483F009954AC /* MPLocation.m */ = {isa = PBXFileReference; fileEncoding = 4; lastKnownFileType = sourcecode.c.objc; name = MPLocation.m; path = Models/MPLocation.m; sourceTree = "<group>"; };
		7B27AC52118F41F0B61F662D /* libPods.a */ = {isa = PBXFileReference; explicitFileType = archive.ar; includeInIndex = 0; path = libPods.a; sourceTree = BUILT_PRODUCTS_DIR; };
		B3F477BD045B4565B64B4D9C /* Pods.xcconfig */ = {isa = PBXFileReference; includeInIndex = 1; lastKnownFileType = text.xcconfig; name = Pods.xcconfig; path = Pods/Pods.xcconfig; sourceTree = "<group>"; };
/* End PBXFileReference section */

/* Begin PBXFrameworksBuildPhase section */
		03829A7B189A2C1B0046BDE9 /* Frameworks */ = {
			isa = PBXFrameworksBuildPhase;
			buildActionMask = 2147483647;
			files = (
				03829A84189A2C1B0046BDE9 /* CoreGraphics.framework in Frameworks */,
				03829A86189A2C1B0046BDE9 /* UIKit.framework in Frameworks */,
				03829A82189A2C1B0046BDE9 /* Foundation.framework in Frameworks */,
				9994656BB879401A8B1A758A /* libPods.a in Frameworks */,
			);
			runOnlyForDeploymentPostprocessing = 0;
		};
		03829A96189A2C1B0046BDE9 /* Frameworks */ = {
			isa = PBXFrameworksBuildPhase;
			buildActionMask = 2147483647;
			files = (
				03829A9B189A2C1B0046BDE9 /* XCTest.framework in Frameworks */,
				03829A9D189A2C1B0046BDE9 /* UIKit.framework in Frameworks */,
				03829A9C189A2C1B0046BDE9 /* Foundation.framework in Frameworks */,
			);
			runOnlyForDeploymentPostprocessing = 0;
		};
/* End PBXFrameworksBuildPhase section */

/* Begin PBXGroup section */
		0305E4AA189B4C9300018B53 /* Resources */ = {
			isa = PBXGroup;
			children = (
				0325E939189AD39B00C80754 /* PlaceholderProfileImage.png */,
				0325E93A189AD39B00C80754 /* PlaceholderProfileImage@2x.png */,
			);
			name = Resources;
			sourceTree = "<group>";
		};
		0305E4AB189B4C9F00018B53 /* Models */ = {
			isa = PBXGroup;
			children = (
				03E33075189A4660009954AC /* MPFacebookUser.h */,
				03E33076189A4660009954AC /* MPFacebookUser.m */,
				03E33078189A483F009954AC /* MPLocation.h */,
				03E33079189A483F009954AC /* MPLocation.m */,
			);
			name = Models;
			sourceTree = "<group>";
		};
		0305E4AC189B4CA600018B53 /* ViewControllers */ = {
			isa = PBXGroup;
			children = (
				0317044A189A2E4700C2FEBB /* MPFriendsListViewController.h */,
				0317044B189A2E4700C2FEBB /* MPFriendsListViewController.m */,
				03B438FE18B9075B00691594 /* MPTableViewDelegate.h */,
				03B438FF18B9075B00691594 /* MPTableViewDelegate.m */,
				03B4390118B90EC400691594 /* MPTableViewArrayDataSource.h */,
				03B4390218B90EC400691594 /* MPTableViewArrayDataSource.m */,
				0305E4AD189B4D2F00018B53 /* MPFriendsListDataSource.h */,
				0305E4AE189B4D3000018B53 /* MPFriendsListDataSource.m */,
			);
			name = ViewControllers;
			sourceTree = "<group>";
		};
		0305E4B0189B4F3200018B53 /* Managers */ = {
			isa = PBXGroup;
			children = (
				0305E4B1189B506C00018B53 /* MPFacebookManager.h */,
				0305E4B2189B506C00018B53 /* MPFacebookManager.m */,
				0305E4B4189B54A000018B53 /* MPLocationManager.h */,
				0305E4B5189B54A000018B53 /* MPLocationManager.m */,
			);
			name = Managers;
			sourceTree = "<group>";
		};
		03829A75189A2C1B0046BDE9 = {
			isa = PBXGroup;
			children = (
				03829A87189A2C1B0046BDE9 /* MarcoPolo */,
				03829AA0189A2C1B0046BDE9 /* MarcoPoloTests */,
				03829A80189A2C1B0046BDE9 /* Frameworks */,
				03829A7F189A2C1B0046BDE9 /* Products */,
				B3F477BD045B4565B64B4D9C /* Pods.xcconfig */,
			);
			sourceTree = "<group>";
		};
		03829A7F189A2C1B0046BDE9 /* Products */ = {
			isa = PBXGroup;
			children = (
				03829A7E189A2C1B0046BDE9 /* MarcoPolo.app */,
				03829A99189A2C1B0046BDE9 /* MarcoPoloTests.xctest */,
			);
			name = Products;
			sourceTree = "<group>";
		};
		03829A80189A2C1B0046BDE9 /* Frameworks */ = {
			isa = PBXGroup;
			children = (
				03829A81189A2C1B0046BDE9 /* Foundation.framework */,
				03829A83189A2C1B0046BDE9 /* CoreGraphics.framework */,
				03829A85189A2C1B0046BDE9 /* UIKit.framework */,
				03829A9A189A2C1B0046BDE9 /* XCTest.framework */,
				7B27AC52118F41F0B61F662D /* libPods.a */,
			);
			name = Frameworks;
			sourceTree = "<group>";
		};
		03829A87189A2C1B0046BDE9 /* MarcoPolo */ = {
			isa = PBXGroup;
			children = (
				03B4390418B9129400691594 /* Views */,
				03B438FA18B905F900691594 /* Categories */,
				0305E4B0189B4F3200018B53 /* Managers */,
				0305E4AA189B4C9300018B53 /* Resources */,
				0305E4AB189B4C9F00018B53 /* Models */,
				03829A90189A2C1B0046BDE9 /* MPAppDelegate.h */,
				03829A91189A2C1B0046BDE9 /* MPAppDelegate.m */,
				0305E4AC189B4CA600018B53 /* ViewControllers */,
				03829A93189A2C1B0046BDE9 /* Images.xcassets */,
				03829A88189A2C1B0046BDE9 /* Supporting Files */,
			);
			path = MarcoPolo;
			sourceTree = "<group>";
		};
		03829A88189A2C1B0046BDE9 /* Supporting Files */ = {
			isa = PBXGroup;
			children = (
				03829A89189A2C1B0046BDE9 /* MarcoPolo-Info.plist */,
				03829A8A189A2C1B0046BDE9 /* InfoPlist.strings */,
				03829A8D189A2C1B0046BDE9 /* main.m */,
				03829A8F189A2C1B0046BDE9 /* MarcoPolo-Prefix.pch */,
			);
			name = "Supporting Files";
			sourceTree = "<group>";
		};
		03829AA0189A2C1B0046BDE9 /* MarcoPoloTests */ = {
			isa = PBXGroup;
			children = (
				03829AA6189A2C1B0046BDE9 /* MarcoPoloTests.m */,
				03829AA1189A2C1B0046BDE9 /* Supporting Files */,
			);
			path = MarcoPoloTests;
			sourceTree = "<group>";
		};
		03829AA1189A2C1B0046BDE9 /* Supporting Files */ = {
			isa = PBXGroup;
			children = (
				03829AA2189A2C1B0046BDE9 /* MarcoPoloTests-Info.plist */,
				03829AA3189A2C1B0046BDE9 /* InfoPlist.strings */,
			);
			name = "Supporting Files";
			sourceTree = "<group>";
		};
		03B438FA18B905F900691594 /* Categories */ = {
			isa = PBXGroup;
			children = (
				03B438FB18B9062500691594 /* UIAlertView+MPAdditions.h */,
				03B438FC18B9062500691594 /* UIAlertView+MPAdditions.m */,
			);
			name = Categories;
			sourceTree = "<group>";
		};
		03B4390418B9129400691594 /* Views */ = {
			isa = PBXGroup;
			children = (
				03B4390518B912AB00691594 /* MPFriendTableViewCell.h */,
				03B4390618B912AC00691594 /* MPFriendTableViewCell.m */,
			);
			name = Views;
			sourceTree = "<group>";
		};
/* End PBXGroup section */

/* Begin PBXNativeTarget section */
		03829A7D189A2C1B0046BDE9 /* MarcoPolo */ = {
			isa = PBXNativeTarget;
			buildConfigurationList = 03829AAA189A2C1B0046BDE9 /* Build configuration list for PBXNativeTarget "MarcoPolo" */;
			buildPhases = (
				91B99224C14F4390ABDA4ECE /* Check Pods Manifest.lock */,
				03829A7A189A2C1B0046BDE9 /* Sources */,
				03829A7B189A2C1B0046BDE9 /* Frameworks */,
				03829A7C189A2C1B0046BDE9 /* Resources */,
				264A08F7F1C84BBFAB660C92 /* Copy Pods Resources */,
			);
			buildRules = (
			);
			dependencies = (
			);
			name = MarcoPolo;
			productName = MarcoPolo;
			productReference = 03829A7E189A2C1B0046BDE9 /* MarcoPolo.app */;
			productType = "com.apple.product-type.application";
		};
		03829A98189A2C1B0046BDE9 /* MarcoPoloTests */ = {
			isa = PBXNativeTarget;
			buildConfigurationList = 03829AAD189A2C1B0046BDE9 /* Build configuration list for PBXNativeTarget "MarcoPoloTests" */;
			buildPhases = (
				03829A95189A2C1B0046BDE9 /* Sources */,
				03829A96189A2C1B0046BDE9 /* Frameworks */,
				03829A97189A2C1B0046BDE9 /* Resources */,
			);
			buildRules = (
			);
			dependencies = (
				03829A9F189A2C1B0046BDE9 /* PBXTargetDependency */,
			);
			name = MarcoPoloTests;
			productName = MarcoPoloTests;
			productReference = 03829A99189A2C1B0046BDE9 /* MarcoPoloTests.xctest */;
			productType = "com.apple.product-type.bundle.unit-test";
		};
/* End PBXNativeTarget section */

/* Begin PBXProject section */
		03829A76189A2C1B0046BDE9 /* Project object */ = {
			isa = PBXProject;
			attributes = {
				CLASSPREFIX = MP;
				LastUpgradeCheck = 0500;
				ORGANIZATIONNAME = "FathomWorks LLC";
				TargetAttributes = {
					03829A98189A2C1B0046BDE9 = {
						TestTargetID = 03829A7D189A2C1B0046BDE9;
					};
				};
			};
			buildConfigurationList = 03829A79189A2C1B0046BDE9 /* Build configuration list for PBXProject "MarcoPolo" */;
			compatibilityVersion = "Xcode 3.2";
			developmentRegion = English;
			hasScannedForEncodings = 0;
			knownRegions = (
				en,
			);
			mainGroup = 03829A75189A2C1B0046BDE9;
			productRefGroup = 03829A7F189A2C1B0046BDE9 /* Products */;
			projectDirPath = "";
			projectRoot = "";
			targets = (
				03829A7D189A2C1B0046BDE9 /* MarcoPolo */,
				03829A98189A2C1B0046BDE9 /* MarcoPoloTests */,
			);
		};
/* End PBXProject section */

/* Begin PBXResourcesBuildPhase section */
		03829A7C189A2C1B0046BDE9 /* Resources */ = {
			isa = PBXResourcesBuildPhase;
			buildActionMask = 2147483647;
			files = (
				0325E93B189AD39B00C80754 /* PlaceholderProfileImage.png in Resources */,
				0325E93C189AD39B00C80754 /* PlaceholderProfileImage@2x.png in Resources */,
				03829A8C189A2C1B0046BDE9 /* InfoPlist.strings in Resources */,
				03829A94189A2C1B0046BDE9 /* Images.xcassets in Resources */,
			);
			runOnlyForDeploymentPostprocessing = 0;
		};
		03829A97189A2C1B0046BDE9 /* Resources */ = {
			isa = PBXResourcesBuildPhase;
			buildActionMask = 2147483647;
			files = (
				03829AA5189A2C1B0046BDE9 /* InfoPlist.strings in Resources */,
			);
			runOnlyForDeploymentPostprocessing = 0;
		};
/* End PBXResourcesBuildPhase section */

/* Begin PBXShellScriptBuildPhase section */
		264A08F7F1C84BBFAB660C92 /* Copy Pods Resources */ = {
			isa = PBXShellScriptBuildPhase;
			buildActionMask = 2147483647;
			files = (
			);
			inputPaths = (
			);
			name = "Copy Pods Resources";
			outputPaths = (
			);
			runOnlyForDeploymentPostprocessing = 0;
			shellPath = /bin/sh;
			shellScript = "\"${SRCROOT}/Pods/Pods-resources.sh\"\n";
			showEnvVarsInLog = 0;
		};
		91B99224C14F4390ABDA4ECE /* Check Pods Manifest.lock */ = {
			isa = PBXShellScriptBuildPhase;
			buildActionMask = 2147483647;
			files = (
			);
			inputPaths = (
			);
			name = "Check Pods Manifest.lock";
			outputPaths = (
			);
			runOnlyForDeploymentPostprocessing = 0;
			shellPath = /bin/sh;
			shellScript = "diff \"${PODS_ROOT}/../Podfile.lock\" \"${PODS_ROOT}/Manifest.lock\" > /dev/null\nif [[ $? != 0 ]] ; then\n    cat << EOM\nerror: The sandbox is not in sync with the Podfile.lock. Run 'pod install' or update your CocoaPods installation.\nEOM\n    exit 1\nfi\n";
			showEnvVarsInLog = 0;
		};
/* End PBXShellScriptBuildPhase section */

/* Begin PBXSourcesBuildPhase section */
		03829A7A189A2C1B0046BDE9 /* Sources */ = {
			isa = PBXSourcesBuildPhase;
			buildActionMask = 2147483647;
			files = (
				03E3307A189A483F009954AC /* MPLocation.m in Sources */,
				03B438FD18B9062500691594 /* UIAlertView+MPAdditions.m in Sources */,
				0305E4B3189B506C00018B53 /* MPFacebookManager.m in Sources */,
				0305E4AF189B4D3000018B53 /* MPFriendsListDataSource.m in Sources */,
				03B4390318B90EC400691594 /* MPTableViewArrayDataSource.m in Sources */,
				0317044C189A2E4700C2FEBB /* MPFriendsListViewController.m in Sources */,
				03B4390018B9075B00691594 /* MPTableViewDelegate.m in Sources */,
				03E33077189A4660009954AC /* MPFacebookUser.m in Sources */,
				03829A8E189A2C1B0046BDE9 /* main.m in Sources */,
				03829A92189A2C1B0046BDE9 /* MPAppDelegate.m in Sources */,
				03B4390718B912AC00691594 /* MPFriendTableViewCell.m in Sources */,
				0305E4B6189B54A000018B53 /* MPLocationManager.m in Sources */,
			);
			runOnlyForDeploymentPostprocessing = 0;
		};
		03829A95189A2C1B0046BDE9 /* Sources */ = {
			isa = PBXSourcesBuildPhase;
			buildActionMask = 2147483647;
			files = (
				03829AA7189A2C1B0046BDE9 /* MarcoPoloTests.m in Sources */,
			);
			runOnlyForDeploymentPostprocessing = 0;
		};
/* End PBXSourcesBuildPhase section */

/* Begin PBXTargetDependency section */
		03829A9F189A2C1B0046BDE9 /* PBXTargetDependency */ = {
			isa = PBXTargetDependency;
			target = 03829A7D189A2C1B0046BDE9 /* MarcoPolo */;
			targetProxy = 03829A9E189A2C1B0046BDE9 /* PBXContainerItemProxy */;
		};
/* End PBXTargetDependency section */

/* Begin PBXVariantGroup section */
		03829A8A189A2C1B0046BDE9 /* InfoPlist.strings */ = {
			isa = PBXVariantGroup;
			children = (
				03829A8B189A2C1B0046BDE9 /* en */,
			);
			name = InfoPlist.strings;
			sourceTree = "<group>";
		};
		03829AA3189A2C1B0046BDE9 /* InfoPlist.strings */ = {
			isa = PBXVariantGroup;
			children = (
				03829AA4189A2C1B0046BDE9 /* en */,
			);
			name = InfoPlist.strings;
			sourceTree = "<group>";
		};
/* End PBXVariantGroup section */

/* Begin XCBuildConfiguration section */
		03829AA8189A2C1B0046BDE9 /* Debug */ = {
			isa = XCBuildConfiguration;
			buildSettings = {
				ALWAYS_SEARCH_USER_PATHS = NO;
				ARCHS = "$(ARCHS_STANDARD_INCLUDING_64_BIT)";
				CLANG_CXX_LANGUAGE_STANDARD = "gnu++0x";
				CLANG_CXX_LIBRARY = "libc++";
				CLANG_ENABLE_MODULES = YES;
				CLANG_ENABLE_OBJC_ARC = YES;
				CLANG_WARN_BOOL_CONVERSION = YES;
				CLANG_WARN_CONSTANT_CONVERSION = YES;
				CLANG_WARN_DIRECT_OBJC_ISA_USAGE = YES_ERROR;
				CLANG_WARN_EMPTY_BODY = YES;
				CLANG_WARN_ENUM_CONVERSION = YES;
				CLANG_WARN_INT_CONVERSION = YES;
				CLANG_WARN_OBJC_ROOT_CLASS = YES_ERROR;
				CLANG_WARN__DUPLICATE_METHOD_MATCH = YES;
				"CODE_SIGN_IDENTITY[sdk=iphoneos*]" = "iPhone Developer";
				COPY_PHASE_STRIP = NO;
				GCC_C_LANGUAGE_STANDARD = gnu99;
				GCC_DYNAMIC_NO_PIC = NO;
				GCC_OPTIMIZATION_LEVEL = 0;
				GCC_PREPROCESSOR_DEFINITIONS = (
					"DEBUG=1",
					"$(inherited)",
				);
				GCC_SYMBOLS_PRIVATE_EXTERN = NO;
				GCC_WARN_64_TO_32_BIT_CONVERSION = YES;
				GCC_WARN_ABOUT_RETURN_TYPE = YES_ERROR;
				GCC_WARN_UNDECLARED_SELECTOR = YES;
				GCC_WARN_UNINITIALIZED_AUTOS = YES;
				GCC_WARN_UNUSED_FUNCTION = YES;
				GCC_WARN_UNUSED_VARIABLE = YES;
				IPHONEOS_DEPLOYMENT_TARGET = 7.0;
				ONLY_ACTIVE_ARCH = YES;
				SDKROOT = iphoneos;
			};
			name = Debug;
		};
		03829AA9189A2C1B0046BDE9 /* Release */ = {
			isa = XCBuildConfiguration;
			buildSettings = {
				ALWAYS_SEARCH_USER_PATHS = NO;
				ARCHS = "$(ARCHS_STANDARD_INCLUDING_64_BIT)";
				CLANG_CXX_LANGUAGE_STANDARD = "gnu++0x";
				CLANG_CXX_LIBRARY = "libc++";
				CLANG_ENABLE_MODULES = YES;
				CLANG_ENABLE_OBJC_ARC = YES;
				CLANG_WARN_BOOL_CONVERSION = YES;
				CLANG_WARN_CONSTANT_CONVERSION = YES;
				CLANG_WARN_DIRECT_OBJC_ISA_USAGE = YES_ERROR;
				CLANG_WARN_EMPTY_BODY = YES;
				CLANG_WARN_ENUM_CONVERSION = YES;
				CLANG_WARN_INT_CONVERSION = YES;
				CLANG_WARN_OBJC_ROOT_CLASS = YES_ERROR;
				CLANG_WARN__DUPLICATE_METHOD_MATCH = YES;
				"CODE_SIGN_IDENTITY[sdk=iphoneos*]" = "iPhone Developer";
				COPY_PHASE_STRIP = YES;
				ENABLE_NS_ASSERTIONS = NO;
				GCC_C_LANGUAGE_STANDARD = gnu99;
				GCC_WARN_64_TO_32_BIT_CONVERSION = YES;
				GCC_WARN_ABOUT_RETURN_TYPE = YES_ERROR;
				GCC_WARN_UNDECLARED_SELECTOR = YES;
				GCC_WARN_UNINITIALIZED_AUTOS = YES;
				GCC_WARN_UNUSED_FUNCTION = YES;
				GCC_WARN_UNUSED_VARIABLE = YES;
				IPHONEOS_DEPLOYMENT_TARGET = 7.0;
				SDKROOT = iphoneos;
				VALIDATE_PRODUCT = YES;
			};
			name = Release;
		};
		03829AAB189A2C1B0046BDE9 /* Debug */ = {
			isa = XCBuildConfiguration;
			baseConfigurationReference = B3F477BD045B4565B64B4D9C /* Pods.xcconfig */;
			buildSettings = {
				ASSETCATALOG_COMPILER_APPICON_NAME = AppIcon;
				ASSETCATALOG_COMPILER_LAUNCHIMAGE_NAME = LaunchImage;
				GCC_PRECOMPILE_PREFIX_HEADER = YES;
				GCC_PREFIX_HEADER = "MarcoPolo/MarcoPolo-Prefix.pch";
				INFOPLIST_FILE = "MarcoPolo/MarcoPolo-Info.plist";
				PRODUCT_NAME = "$(TARGET_NAME)";
				WRAPPER_EXTENSION = app;
			};
			name = Debug;
		};
		03829AAC189A2C1B0046BDE9 /* Release */ = {
			isa = XCBuildConfiguration;
			baseConfigurationReference = B3F477BD045B4565B64B4D9C /* Pods.xcconfig */;
			buildSettings = {
				ASSETCATALOG_COMPILER_APPICON_NAME = AppIcon;
				ASSETCATALOG_COMPILER_LAUNCHIMAGE_NAME = LaunchImage;
				GCC_PRECOMPILE_PREFIX_HEADER = YES;
				GCC_PREFIX_HEADER = "MarcoPolo/MarcoPolo-Prefix.pch";
				INFOPLIST_FILE = "MarcoPolo/MarcoPolo-Info.plist";
				PRODUCT_NAME = "$(TARGET_NAME)";
				WRAPPER_EXTENSION = app;
			};
			name = Release;
		};
		03829AAE189A2C1B0046BDE9 /* Debug */ = {
			isa = XCBuildConfiguration;
			buildSettings = {
				ARCHS = "$(ARCHS_STANDARD_INCLUDING_64_BIT)";
				BUNDLE_LOADER = "$(BUILT_PRODUCTS_DIR)/MarcoPolo.app/MarcoPolo";
				FRAMEWORK_SEARCH_PATHS = (
					"$(SDKROOT)/Developer/Library/Frameworks",
					"$(inherited)",
					"$(DEVELOPER_FRAMEWORKS_DIR)",
				);
				GCC_PRECOMPILE_PREFIX_HEADER = YES;
				GCC_PREFIX_HEADER = "MarcoPolo/MarcoPolo-Prefix.pch";
				GCC_PREPROCESSOR_DEFINITIONS = (
					"DEBUG=1",
					"$(inherited)",
				);
				INFOPLIST_FILE = "MarcoPoloTests/MarcoPoloTests-Info.plist";
				PRODUCT_NAME = "$(TARGET_NAME)";
				TEST_HOST = "$(BUNDLE_LOADER)";
				WRAPPER_EXTENSION = xctest;
			};
			name = Debug;
		};
		03829AAF189A2C1B0046BDE9 /* Release */ = {
			isa = XCBuildConfiguration;
			buildSettings = {
				ARCHS = "$(ARCHS_STANDARD_INCLUDING_64_BIT)";
				BUNDLE_LOADER = "$(BUILT_PRODUCTS_DIR)/MarcoPolo.app/MarcoPolo";
				FRAMEWORK_SEARCH_PATHS = (
					"$(SDKROOT)/Developer/Library/Frameworks",
					"$(inherited)",
					"$(DEVELOPER_FRAMEWORKS_DIR)",
				);
				GCC_PRECOMPILE_PREFIX_HEADER = YES;
				GCC_PREFIX_HEADER = "MarcoPolo/MarcoPolo-Prefix.pch";
				INFOPLIST_FILE = "MarcoPoloTests/MarcoPoloTests-Info.plist";
				PRODUCT_NAME = "$(TARGET_NAME)";
				TEST_HOST = "$(BUNDLE_LOADER)";
				WRAPPER_EXTENSION = xctest;
			};
			name = Release;
		};
/* End XCBuildConfiguration section */

/* Begin XCConfigurationList section */
		03829A79189A2C1B0046BDE9 /* Build configuration list for PBXProject "MarcoPolo" */ = {
			isa = XCConfigurationList;
			buildConfigurations = (
				03829AA8189A2C1B0046BDE9 /* Debug */,
				03829AA9189A2C1B0046BDE9 /* Release */,
			);
			defaultConfigurationIsVisible = 0;
			defaultConfigurationName = Release;
		};
		03829AAA189A2C1B0046BDE9 /* Build configuration list for PBXNativeTarget "MarcoPolo" */ = {
			isa = XCConfigurationList;
			buildConfigurations = (
				03829AAB189A2C1B0046BDE9 /* Debug */,
				03829AAC189A2C1B0046BDE9 /* Release */,
			);
			defaultConfigurationIsVisible = 0;
			defaultConfigurationName = Release;
		};
		03829AAD189A2C1B0046BDE9 /* Build configuration list for PBXNativeTarget "MarcoPoloTests" */ = {
			isa = XCConfigurationList;
			buildConfigurations = (
				03829AAE189A2C1B0046BDE9 /* Debug */,
				03829AAF189A2C1B0046BDE9 /* Release */,
			);
			defaultConfigurationIsVisible = 0;
			defaultConfigurationName = Release;
		};
/* End XCConfigurationList section */
	};
	rootObject = 03829A76189A2C1B0046BDE9 /* Project object */;
}
